
Microsoft Visual Studio Solution File, Format Version 12.00
# Visual Studio 15
VisualStudioVersion = 15.0.26124.0
MinimumVisualStudioVersion = 15.0.26124.0
Project("{2150E333-8FDC-42A3-9474-1A3956D46DE8}") = "src", "src", "{D982F61F-F28B-4EEC-A9F7-5A7343D848D1}"
EndProject
Project("{2150E333-8FDC-42A3-9474-1A3956D46DE8}") = "app", "app", "{D5924058-AC68-4F0F-8A59-58A9B9CD7481}"
EndProject
Project("{FAE04EC0-301F-11D3-BF4B-00C04F79EFBC}") = "JGo.Samples.Nozama.WebApp", "src\app\webapp\JGo.Samples.Nozama.WebApp.csproj", "{FC1A1575-C12C-4753-86D9-53F87C3516E8}"
EndProject
Project("{2150E333-8FDC-42A3-9474-1A3956D46DE8}") = "test", "test", "{8339E5EB-1A18-4312-B019-333AD46A985B}"
EndProject
Project("{FAE04EC0-301F-11D3-BF4B-00C04F79EFBC}") = "JGo.Samples.Nozama.WebApp.Tests", "test\webapp-tests\JGo.Samples.Nozama.WebApp.Tests.csproj", "{897F65AF-11D9-4917-B7D8-F7FAE9A27169}"
EndProject
Global
	GlobalSection(SolutionConfigurationPlatforms) = preSolution
		Debug|Any CPU = Debug|Any CPU
		Debug|x64 = Debug|x64
		Debug|x86 = Debug|x86
		Release|Any CPU = Release|Any CPU
		Release|x64 = Release|x64
		Release|x86 = Release|x86
	EndGlobalSection
	GlobalSection(SolutionProperties) = preSolution
		HideSolutionNode = FALSE
	EndGlobalSection
	GlobalSection(ProjectConfigurationPlatforms) = postSolution
		{FC1A1575-C12C-4753-86D9-53F87C3516E8}.Debug|Any CPU.ActiveCfg = Debug|Any CPU
		{FC1A1575-C12C-4753-86D9-53F87C3516E8}.Debug|Any CPU.Build.0 = Debug|Any CPU
		{FC1A1575-C12C-4753-86D9-53F87C3516E8}.Debug|x64.ActiveCfg = Debug|Any CPU
		{FC1A1575-C12C-4753-86D9-53F87C3516E8}.Debug|x64.Build.0 = Debug|Any CPU
		{FC1A1575-C12C-4753-86D9-53F87C3516E8}.Debug|x86.ActiveCfg = Debug|Any CPU
		{FC1A1575-C12C-4753-86D9-53F87C3516E8}.Debug|x86.Build.0 = Debug|Any CPU
		{FC1A1575-C12C-4753-86D9-53F87C3516E8}.Release|Any CPU.ActiveCfg = Release|Any CPU
		{FC1A1575-C12C-4753-86D9-53F87C3516E8}.Release|Any CPU.Build.0 = Release|Any CPU
		{FC1A1575-C12C-4753-86D9-53F87C3516E8}.Release|x64.ActiveCfg = Release|Any CPU
		{FC1A1575-C12C-4753-86D9-53F87C3516E8}.Release|x64.Build.0 = Release|Any CPU
		{FC1A1575-C12C-4753-86D9-53F87C3516E8}.Release|x86.ActiveCfg = Release|Any CPU
		{FC1A1575-C12C-4753-86D9-53F87C3516E8}.Release|x86.Build.0 = Release|Any CPU
		{897F65AF-11D9-4917-B7D8-F7FAE9A27169}.Debug|Any CPU.ActiveCfg = Debug|Any CPU
		{897F65AF-11D9-4917-B7D8-F7FAE9A27169}.Debug|Any CPU.Build.0 = Debug|Any CPU
		{897F65AF-11D9-4917-B7D8-F7FAE9A27169}.Debug|x64.ActiveCfg = Debug|Any CPU
		{897F65AF-11D9-4917-B7D8-F7FAE9A27169}.Debug|x64.Build.0 = Debug|Any CPU
		{897F65AF-11D9-4917-B7D8-F7FAE9A27169}.Debug|x86.ActiveCfg = Debug|Any CPU
		{897F65AF-11D9-4917-B7D8-F7FAE9A27169}.Debug|x86.Build.0 = Debug|Any CPU
		{897F65AF-11D9-4917-B7D8-F7FAE9A27169}.Release|Any CPU.ActiveCfg = Release|Any CPU
		{897F65AF-11D9-4917-B7D8-F7FAE9A27169}.Release|Any CPU.Build.0 = Release|Any CPU
		{897F65AF-11D9-4917-B7D8-F7FAE9A27169}.Release|x64.ActiveCfg = Release|Any CPU
		{897F65AF-11D9-4917-B7D8-F7FAE9A27169}.Release|x64.Build.0 = Release|Any CPU
		{897F65AF-11D9-4917-B7D8-F7FAE9A27169}.Release|x86.ActiveCfg = Release|Any CPU
		{897F65AF-11D9-4917-B7D8-F7FAE9A27169}.Release|x86.Build.0 = Release|Any CPU
	EndGlobalSection
	GlobalSection(NestedProjects) = preSolution
		{D5924058-AC68-4F0F-8A59-58A9B9CD7481} = {D982F61F-F28B-4EEC-A9F7-5A7343D848D1}
		{FC1A1575-C12C-4753-86D9-53F87C3516E8} = {D5924058-AC68-4F0F-8A59-58A9B9CD7481}
		{897F65AF-11D9-4917-B7D8-F7FAE9A27169} = {8339E5EB-1A18-4312-B019-333AD46A985B}
	EndGlobalSection
EndGlobal
